
Microsoft Visual Studio Solution File, Format Version 12.00
# Visual Studio 15
VisualStudioVersion = 15.0.27703.2018
MinimumVisualStudioVersion = 10.0.40219.1
Project("{FAE04EC0-301F-11D3-BF4B-00C04F79EFBC}") = "Race", "Race\Race.csproj", "{D3D5C52A-C26E-441A-BD3F-D7F0A739B20A}"
EndProject
Project("{FAE04EC0-301F-11D3-BF4B-00C04F79EFBC}") = "RaceLibrary", "RaceLibrary\RaceLibrary.csproj", "{4E282972-29D3-47D5-BECC-4B32023611FC}"
EndProject
Project("{FAE04EC0-301F-11D3-BF4B-00C04F79EFBC}") = "DrawingLibrary", "DrawingLibrary\DrawingLibrary.csproj", "{078C7530-5AEC-42F7-A6AE-5F5B9E4437FE}"
EndProject
Project("{FAE04EC0-301F-11D3-BF4B-00C04F79EFBC}") = "RaceLibraryTask5", "RaceLibraryTask5\RaceLibraryTask5.csproj", "{B2D53E5D-A99D-44D7-8560-36EC6A28309D}"
EndProject
Project("{FAE04EC0-301F-11D3-BF4B-00C04F79EFBC}") = "DrawingLibraryTask5", "DrawingLibraryTask5\DrawingLibraryTask5.csproj", "{00118670-F4E8-4B8D-8C5C-6AA7575B7266}"
EndProject
Project("{2150E333-8FDC-42A3-9474-1A3956D46DE8}") = "Task4", "Task4", "{32CD94AB-C9F8-4E33-8692-7800312C61F4}"
EndProject
Project("{2150E333-8FDC-42A3-9474-1A3956D46DE8}") = "Task5", "Task5", "{CA8DF2C0-91FF-4BAA-BF95-CFAC80D82DA1}"
EndProject
Project("{FAE04EC0-301F-11D3-BF4B-00C04F79EFBC}") = "RaceTask5", "RaceTask5\RaceTask5.csproj", "{000D7DB3-FB51-4980-AE73-A90F6594FB36}"
EndProject
Project("{2150E333-8FDC-42A3-9474-1A3956D46DE8}") = "Task6", "Task6", "{057E0426-8D6B-4331-A615-819C5D870477}"
EndProject
Project("{FAE04EC0-301F-11D3-BF4B-00C04F79EFBC}") = "Reflection", "Reflection\Reflection.csproj", "{472A5988-8B15-4D95-9F1A-D399C4479B85}"
EndProject
Project("{FAE04EC0-301F-11D3-BF4B-00C04F79EFBC}") = "ReflectionLibrary", "ReflectionLibrary\ReflectionLibrary.csproj", "{8411D4A9-CE07-49DD-A265-77A71041DDB5}"
EndProject
Project("{FAE04EC0-301F-11D3-BF4B-00C04F79EFBC}") = "ReflectionUtils", "ReflectionUtils\ReflectionUtils.csproj", "{F36AD045-E360-4967-8EFB-0F0C7A3E1CC7}"
EndProject
Global
	GlobalSection(SolutionConfigurationPlatforms) = preSolution
		Debug|Any CPU = Debug|Any CPU
		Release|Any CPU = Release|Any CPU
	EndGlobalSection
	GlobalSection(ProjectConfigurationPlatforms) = postSolution
		{D3D5C52A-C26E-441A-BD3F-D7F0A739B20A}.Debug|Any CPU.ActiveCfg = Debug|Any CPU
		{D3D5C52A-C26E-441A-BD3F-D7F0A739B20A}.Debug|Any CPU.Build.0 = Debug|Any CPU
		{D3D5C52A-C26E-441A-BD3F-D7F0A739B20A}.Release|Any CPU.ActiveCfg = Release|Any CPU
		{D3D5C52A-C26E-441A-BD3F-D7F0A739B20A}.Release|Any CPU.Build.0 = Release|Any CPU
		{4E282972-29D3-47D5-BECC-4B32023611FC}.Debug|Any CPU.ActiveCfg = Debug|Any CPU
		{4E282972-29D3-47D5-BECC-4B32023611FC}.Debug|Any CPU.Build.0 = Debug|Any CPU
		{4E282972-29D3-47D5-BECC-4B32023611FC}.Release|Any CPU.ActiveCfg = Release|Any CPU
		{4E282972-29D3-47D5-BECC-4B32023611FC}.Release|Any CPU.Build.0 = Release|Any CPU
		{078C7530-5AEC-42F7-A6AE-5F5B9E4437FE}.Debug|Any CPU.ActiveCfg = Debug|Any CPU
		{078C7530-5AEC-42F7-A6AE-5F5B9E4437FE}.Debug|Any CPU.Build.0 = Debug|Any CPU
		{078C7530-5AEC-42F7-A6AE-5F5B9E4437FE}.Release|Any CPU.ActiveCfg = Release|Any CPU
		{078C7530-5AEC-42F7-A6AE-5F5B9E4437FE}.Release|Any CPU.Build.0 = Release|Any CPU
		{B2D53E5D-A99D-44D7-8560-36EC6A28309D}.Debug|Any CPU.ActiveCfg = Debug|Any CPU
		{B2D53E5D-A99D-44D7-8560-36EC6A28309D}.Debug|Any CPU.Build.0 = Debug|Any CPU
		{B2D53E5D-A99D-44D7-8560-36EC6A28309D}.Release|Any CPU.ActiveCfg = Release|Any CPU
		{B2D53E5D-A99D-44D7-8560-36EC6A28309D}.Release|Any CPU.Build.0 = Release|Any CPU
		{00118670-F4E8-4B8D-8C5C-6AA7575B7266}.Debug|Any CPU.ActiveCfg = Debug|Any CPU
		{00118670-F4E8-4B8D-8C5C-6AA7575B7266}.Debug|Any CPU.Build.0 = Debug|Any CPU
		{00118670-F4E8-4B8D-8C5C-6AA7575B7266}.Release|Any CPU.ActiveCfg = Release|Any CPU
		{00118670-F4E8-4B8D-8C5C-6AA7575B7266}.Release|Any CPU.Build.0 = Release|Any CPU
		{000D7DB3-FB51-4980-AE73-A90F6594FB36}.Debug|Any CPU.ActiveCfg = Debug|Any CPU
		{000D7DB3-FB51-4980-AE73-A90F6594FB36}.Debug|Any CPU.Build.0 = Debug|Any CPU
		{000D7DB3-FB51-4980-AE73-A90F6594FB36}.Release|Any CPU.ActiveCfg = Release|Any CPU
		{000D7DB3-FB51-4980-AE73-A90F6594FB36}.Release|Any CPU.Build.0 = Release|Any CPU
		{472A5988-8B15-4D95-9F1A-D399C4479B85}.Debug|Any CPU.ActiveCfg = Debug|Any CPU
		{472A5988-8B15-4D95-9F1A-D399C4479B85}.Debug|Any CPU.Build.0 = Debug|Any CPU
		{472A5988-8B15-4D95-9F1A-D399C4479B85}.Release|Any CPU.ActiveCfg = Release|Any CPU
		{472A5988-8B15-4D95-9F1A-D399C4479B85}.Release|Any CPU.Build.0 = Release|Any CPU
		{8411D4A9-CE07-49DD-A265-77A71041DDB5}.Debug|Any CPU.ActiveCfg = Debug|Any CPU
		{8411D4A9-CE07-49DD-A265-77A71041DDB5}.Debug|Any CPU.Build.0 = Debug|Any CPU
		{8411D4A9-CE07-49DD-A265-77A71041DDB5}.Release|Any CPU.ActiveCfg = Release|Any CPU
		{8411D4A9-CE07-49DD-A265-77A71041DDB5}.Release|Any CPU.Build.0 = Release|Any CPU
		{F36AD045-E360-4967-8EFB-0F0C7A3E1CC7}.Debug|Any CPU.ActiveCfg = Debug|Any CPU
		{F36AD045-E360-4967-8EFB-0F0C7A3E1CC7}.Debug|Any CPU.Build.0 = Debug|Any CPU
		{F36AD045-E360-4967-8EFB-0F0C7A3E1CC7}.Release|Any CPU.ActiveCfg = Release|Any CPU
		{F36AD045-E360-4967-8EFB-0F0C7A3E1CC7}.Release|Any CPU.Build.0 = Release|Any CPU
	EndGlobalSection
	GlobalSection(SolutionProperties) = preSolution
		HideSolutionNode = FALSE
	EndGlobalSection
	GlobalSection(NestedProjects) = preSolution
		{D3D5C52A-C26E-441A-BD3F-D7F0A739B20A} = {32CD94AB-C9F8-4E33-8692-7800312C61F4}
		{4E282972-29D3-47D5-BECC-4B32023611FC} = {32CD94AB-C9F8-4E33-8692-7800312C61F4}
		{078C7530-5AEC-42F7-A6AE-5F5B9E4437FE} = {32CD94AB-C9F8-4E33-8692-7800312C61F4}
		{B2D53E5D-A99D-44D7-8560-36EC6A28309D} = {CA8DF2C0-91FF-4BAA-BF95-CFAC80D82DA1}
		{00118670-F4E8-4B8D-8C5C-6AA7575B7266} = {CA8DF2C0-91FF-4BAA-BF95-CFAC80D82DA1}
		{000D7DB3-FB51-4980-AE73-A90F6594FB36} = {CA8DF2C0-91FF-4BAA-BF95-CFAC80D82DA1}
		{472A5988-8B15-4D95-9F1A-D399C4479B85} = {057E0426-8D6B-4331-A615-819C5D870477}
		{8411D4A9-CE07-49DD-A265-77A71041DDB5} = {057E0426-8D6B-4331-A615-819C5D870477}
		{F36AD045-E360-4967-8EFB-0F0C7A3E1CC7} = {057E0426-8D6B-4331-A615-819C5D870477}
	EndGlobalSection
	GlobalSection(ExtensibilityGlobals) = postSolution
		SolutionGuid = {9AC303B3-4B13-49C6-8D66-5A3822077973}
	EndGlobalSection
EndGlobal
